
Microsoft Visual Studio Solution File, Format Version 12.00
# Visual Studio Version 17
VisualStudioVersion = 17.5.002.0
MinimumVisualStudioVersion = 10.0.40219.1
Project("{2150E333-8FDC-42A3-9474-1A3956D46DE8}") = "sdk", "sdk", "{E694E2BF-E05A-4906-996D-E6F90C6C1EB4}"
EndProject
Project("{9A19103F-16F7-4668-BE54-9A1E7A4F7556}") = "PiersKarsenbarg.Base", "sdk\dotnet\PiersKarsenbarg.Base.csproj", "{54318D97-64F7-4035-8EE5-BDE500E08A8D}"
EndProject
Global
	GlobalSection(SolutionConfigurationPlatforms) = preSolution
		Debug|Any CPU = Debug|Any CPU
		Release|Any CPU = Release|Any CPU
	EndGlobalSection
	GlobalSection(ProjectConfigurationPlatforms) = postSolution
		{54318D97-64F7-4035-8EE5-BDE500E08A8D}.Debug|Any CPU.ActiveCfg = Debug|Any CPU
		{54318D97-64F7-4035-8EE5-BDE500E08A8D}.Debug|Any CPU.Build.0 = Debug|Any CPU
		{54318D97-64F7-4035-8EE5-BDE500E08A8D}.Release|Any CPU.ActiveCfg = Release|Any CPU
		{54318D97-64F7-4035-8EE5-BDE500E08A8D}.Release|Any CPU.Build.0 = Release|Any CPU
	EndGlobalSection
	GlobalSection(SolutionProperties) = preSolution
		HideSolutionNode = FALSE
	EndGlobalSection
	GlobalSection(NestedProjects) = preSolution
		{54318D97-64F7-4035-8EE5-BDE500E08A8D} = {E694E2BF-E05A-4906-996D-E6F90C6C1EB4}
	EndGlobalSection
	GlobalSection(ExtensibilityGlobals) = postSolution
		SolutionGuid = {C209BB02-171F-410F-9F4B-4CAC5EE2948D}
	EndGlobalSection
EndGlobal
